(address-info "1.0.6")
(base64 "1.0")
(check-errors "3.8.3")
(defstruct "2.1")
(foreigners "1.5")
(http-client "1.2.1")
(intarweb "2.1.0")
(iset "2.2")
(json "1.6")
(matchable "1.2")
(memory-mapped-files "0.4")
(miscmacros "1.0")
(openssl "2.2.6")
(packrat "1.6")
(regex "2.0")
(sendfile "2.0")
(simple-md5 "0.1.2")
(simple-sha1 "1.2")
(srfi-1 "0.5.1")
(srfi-13 "0.3.4")
(srfi-14 "0.2.1")
(srfi-18 "0.1.7")
(srfi-69 "0.4.3")
(string-utils "2.8.1")
(uri-common "2.0")
(uri-generic "3.3")
(utf8 "3.6.4")
(ws-client "1.0.0")
