# Exact build-only quality-tool closure for Perl 5.42.0.
# module version CPAN-author-path sha256
Perl::Tidy 20260705 SHANCOCK/Perl-Tidy-20260705.tar.gz f766fa146041912aff48945d35e23bac39baf8051ec28e430ec25d532ca4e372
Module::Runtime 0.018 HAARG/Module-Runtime-0.018.tar.gz 0bf77ef68e53721914ff554eada20973596310b4e2cf1401fc958601807de577
Try::Tiny 0.32 ETHER/Try-Tiny-0.32.tar.gz ef2d6cab0bad18e3ab1c4e6125cc5f695c7e459899f512451c8fa3ef83fa7fc0
Module::Implementation 0.09 DROLSKY/Module-Implementation-0.09.tar.gz c15f1a12f0c2130c9efff3c2e1afe5887b08ccd033bd132186d1e7d5087fd66d
List::SomeUtils::XS 0.59 DROLSKY/List-SomeUtils-XS-0.59.tar.gz 1da2d21762f40b58cbc8f3ba5239e849e5c73c4dbe0a5f3c4510118e65a2eae4
List::SomeUtils 0.59 DROLSKY/List-SomeUtils-0.59.tar.gz fab30372e4c67bf5a46062da38d1d0c8756279feada866eb439fa29571a2dc7b
B::Keywords 1.29 RURBAN/B-Keywords-1.29.tar.gz e0aa19d3390409f0ece7342ab041c5b432c31d7cf1abf182c134b6aab78784b0
Module::Build 0.4234 LEONT/Module-Build-0.4234.tar.gz 66aeac6127418be5e471ead3744648c766bd01482825c5b66652675f2bc86a8f
Clone 0.50 ATOOMIC/Clone-0.50.tar.gz f9732a4a857974db30905233589113003301b585b0cecda29a21cfba5bb014f9
YAML::PP v0.41.0 TINITA/YAML-PP-v0.41.0.tar.gz 3ddfb2bdd2e7ef2d949dbd8ffb51439164c84d22bff615e47dbd8ea48ba75cae
Task::Weaken 1.06 ETHER/Task-Weaken-1.06.tar.gz 2383fedb9dbaef646468ea824afbf7c801076720cfba0df2a7a074726dcd66be
Safe::Isa 1.000010 ETHER/Safe-Isa-1.000010.tar.gz 87f4148aa0ff1d5e652723322eab7dafa3801c967d6f91ac9147a3c467b8a66a
Params::Util 1.102 REHSACK/Params-Util-1.102.tar.gz 499bb1b482db24fda277a51525596ad092c2bd51dd508fa8fec2e9f849097402
ExtUtils::Config 0.010 LEONT/ExtUtils-Config-0.010.tar.gz 82e7e4e90cbe380e152f5de6e3e403746982d502dd30197a123652e46610c66d
ExtUtils::Helpers 0.028 LEONT/ExtUtils-Helpers-0.028.tar.gz c8574875cce073e7dc5345a7b06d502e52044d68894f9160203fcaab379514fe
ExtUtils::InstallPaths 0.015 LEONT/ExtUtils-InstallPaths-0.015.tar.gz 7d64eb2dfa87ead010cdf55c8a1bdfde50b7b5852d7cb8cf2304f55bea2eb007
Module::Build::Tiny 0.053 LEONT/Module-Build-Tiny-0.053.tar.gz 3726d622da6f655e88fdf89e4fd597709c44970b47de65082003e8d86b5e193a
Readonly 2.05 SANKO/Readonly-2.05.tar.gz 4b23542491af010d44a5c7c861244738acc74ababae6b8838d354dfb19462b5e
File::Which 1.27 PLICEASE/File-Which-1.27.tar.gz 3201f1a60e3f16484082e6045c896842261fc345de9fb2e620fd2a2c7af3a93a
PPI 1.291 MITHALDU/PPI-1.291.tar.gz 74ac10bf66443ea813fb37d2ff5219c4d8e685379272d6699c812a39d91f3c1d
PPIx::Utils 0.004 DBOOK/PPIx-Utils-0.004.tar.gz 336918d56ac9482d248d2ca6e79ed7f2cc67403fbdecdd73a9c414a034adb3cf
PPIx::QuoteLike 0.024 WYANT/PPIx-QuoteLike-0.024.tar.gz b71da7748be3a0ab7c19fe8a3ddf7fec480180342c8e76654d28582281152e07
Pod::Parser 1.67 MAREKR/Pod-Parser-1.67.tar.gz 5deccbf55d750ce65588cd211c1a03fa1ef3aaa15d1ac2b8d85383a42c1427ea
Module::Pluggable 6.4 SIMONW/Module-Pluggable-6.4.tar.gz 970fd13accd3d538e637db080ebbd9898020c8b5591837c8493a39edd737922d
Config::Tiny 2.30 RSAVAGE/Config-Tiny-2.30.tgz b2f7345619b3b8e636dd39ea010731c9dc2bfb8f022bcbd86ae6ad17866e110d
String::Format 1.18 SREZIC/String-Format-1.18.tar.gz 9e417a8f8d9ea623beea2d13a47c0d5a696fc8602c0509b826cd45f97b76e778
Class::Data::Inheritable 0.10 RSHERER/Class-Data-Inheritable-0.10.tar.gz aa1ae68a611357b7bfd9a2f64907cc196ddd6d047cae64ef9d0ad099d98ae54a
Devel::StackTrace 2.05 DROLSKY/Devel-StackTrace-2.05.tar.gz 63cb6196e986a7e578c4d28b3c780e7194835bfc78b68eeb8f00599d4444888c
Exception::Class 1.45 DROLSKY/Exception-Class-1.45.tar.gz 5482a77ef027ca1f9f39e1f48c558356e954936fc8fbbdee6c811c512701b249
File::ShareDir::Install 0.14 ETHER/File-ShareDir-Install-0.14.tar.gz 8f9533b198f2d4a9a5288cbc7d224f7679ad05a7a8573745599789428bc5aea0
Class::Tiny 1.008 DAGOLDEN/Class-Tiny-1.008.tar.gz ee058a63912fa1fcb9a72498f56ca421a2056dc7f9f4b67837446d6421815615
Class::Inspector 1.36 PLICEASE/Class-Inspector-1.36.tar.gz cc295d23a472687c24489d58226ead23b9fdc2588e522f0b5f0747741700694e
File::ShareDir 1.118 REHSACK/File-ShareDir-1.118.tar.gz 3bb2a20ba35df958dc0a4f2306fc05d903d8b8c4de3c8beefce17739d281c958
Lingua::EN::Inflect 1.905 DCONWAY/Lingua-EN-Inflect-1.905.tar.gz 05c29ec3482e572313a60da2181b0b30c5db7cf01f8ae7616ad67e1b66263296
Pod::Spell 1.27 HAARG/Pod-Spell-1.27.tar.gz 7ef56c9229f3efbc71a0462ce44490c0dd49fbf3b21fe85bb08b1eeac6f7b063
PPIx::Regexp 0.092 WYANT/PPIx-Regexp-0.092.tar.gz e9c669c01d7c951f9bfee899c147fc8c8ddd98d3f32329f94000c7b02f53366b
Perl::Critic 1.156 PETDANCE/Perl-Critic-1.156.tar.gz 572a7c8758ba1c0ab6daf0bd40297c4f0dcf1516f084522df2c2bf04d525e232
